// !$*UTF8*$!
{
	archiveVersion = 1;
	classes = {
	};
	objectVersion = 56;
	objects = {

/* Begin PBXBuildFile section */
		AB6A0DAC28B2EEF500206DBD /* ContentView.swift in Sources */ = {isa = PBXBuildFile; fileRef = AB6A0DAB28B2EEF500206DBD /* ContentView.swift */; };
		AB6A0DAE28B2EF1A00206DBD /* ProfileView.swift in Sources */ = {isa = PBXBuildFile; fileRef = AB6A0DAD28B2EF1A00206DBD /* ProfileView.swift */; };
		AB6A0DB028B2EF2700206DBD /* SearchView.swift in Sources */ = {isa = PBXBuildFile; fileRef = AB6A0DAF28B2EF2700206DBD /* SearchView.swift */; };
		AB6A0DB328B2F2A600206DBD /* Network.swift in Sources */ = {isa = PBXBuildFile; fileRef = AB6A0DB228B2F2A600206DBD /* Network.swift */; };
		AB6A0DB528B2F2AF00206DBD /* RequestMethod.swift in Sources */ = {isa = PBXBuildFile; fileRef = AB6A0DB428B2F2AF00206DBD /* RequestMethod.swift */; };
		AB6A0DB728B2F2B600206DBD /* RequestError.swift in Sources */ = {isa = PBXBuildFile; fileRef = AB6A0DB628B2F2B600206DBD /* RequestError.swift */; };
		AB6A0DBB28B2F42A00206DBD /* StorageKeys.swift in Sources */ = {isa = PBXBuildFile; fileRef = AB6A0DBA28B2F42A00206DBD /* StorageKeys.swift */; };
		AB6A0DBE28B2F47A00206DBD /* ProtectedStorageService.swift in Sources */ = {isa = PBXBuildFile; fileRef = AB6A0DBD28B2F47A00206DBD /* ProtectedStorageService.swift */; };
		AB6A0DC128B2F4C900206DBD /* AuthorizationToken.swift in Sources */ = {isa = PBXBuildFile; fileRef = AB6A0DC028B2F4C900206DBD /* AuthorizationToken.swift */; };
		AB6A0DC428B39B2B00206DBD /* NotificationBanner.swift in Sources */ = {isa = PBXBuildFile; fileRef = AB6A0DC328B39B2B00206DBD /* NotificationBanner.swift */; };
		AB6A0DC628B39DDA00206DBD /* NotificationBannerConfiguration.swift in Sources */ = {isa = PBXBuildFile; fileRef = AB6A0DC528B39DDA00206DBD /* NotificationBannerConfiguration.swift */; };
		AB6A0DC828B3B2C600206DBD /* HomeViewModel.swift in Sources */ = {isa = PBXBuildFile; fileRef = AB6A0DC728B3B2C600206DBD /* HomeViewModel.swift */; };
		AB6A0DCA28B3B40F00206DBD /* ProfileViewModel.swift in Sources */ = {isa = PBXBuildFile; fileRef = AB6A0DC928B3B40F00206DBD /* ProfileViewModel.swift */; };
		AB6A0DCC28B3B72A00206DBD /* ProfileService.swift in Sources */ = {isa = PBXBuildFile; fileRef = AB6A0DCB28B3B72A00206DBD /* ProfileService.swift */; };
		AB6A0DCE28B3B83F00206DBD /* Profile.swift in Sources */ = {isa = PBXBuildFile; fileRef = AB6A0DCD28B3B83F00206DBD /* Profile.swift */; };
		AB8159B728B11D7800EDA067 /* CancionesApp.swift in Sources */ = {isa = PBXBuildFile; fileRef = AB8159B628B11D7800EDA067 /* CancionesApp.swift */; };
		AB8159BB28B11D7A00EDA067 /* Assets.xcassets in Resources */ = {isa = PBXBuildFile; fileRef = AB8159BA28B11D7A00EDA067 /* Assets.xcassets */; };
		AB8159D228B11D7A00EDA067 /* CancionesUITests.swift in Sources */ = {isa = PBXBuildFile; fileRef = AB8159D128B11D7A00EDA067 /* CancionesUITests.swift */; };
		AB8159D428B11D7A00EDA067 /* CancionesUITestsLaunchTests.swift in Sources */ = {isa = PBXBuildFile; fileRef = AB8159D328B11D7A00EDA067 /* CancionesUITestsLaunchTests.swift */; };
		AB8159E228B139D800EDA067 /* AuthorizationProvider.swift in Sources */ = {isa = PBXBuildFile; fileRef = AB8159E128B139D800EDA067 /* AuthorizationProvider.swift */; };
		AB8159E528B1416400EDA067 /* String+Extension.swift in Sources */ = {isa = PBXBuildFile; fileRef = AB8159E428B1416400EDA067 /* String+Extension.swift */; };
		AB8159E728B144BA00EDA067 /* Array+Extension.swift in Sources */ = {isa = PBXBuildFile; fileRef = AB8159E628B144BA00EDA067 /* Array+Extension.swift */; };
		AB8159EA28B1507A00EDA067 /* RandomGenerator.swift in Sources */ = {isa = PBXBuildFile; fileRef = AB8159E928B1507A00EDA067 /* RandomGenerator.swift */; };
		AB8159EF28B2575400EDA067 /* AuthorizationView.swift in Sources */ = {isa = PBXBuildFile; fileRef = AB8159EE28B2575400EDA067 /* AuthorizationView.swift */; };
		AB8159F128B2577700EDA067 /* AuthorizationViewModel.swift in Sources */ = {isa = PBXBuildFile; fileRef = AB8159F028B2577700EDA067 /* AuthorizationViewModel.swift */; };
		AB8159F328B276B500EDA067 /* AuthorizationViewModelTests.swift in Sources */ = {isa = PBXBuildFile; fileRef = AB8159F228B276B500EDA067 /* AuthorizationViewModelTests.swift */; };
		AB8159F628B2770100EDA067 /* AuthorizationProviderMock.swift in Sources */ = {isa = PBXBuildFile; fileRef = AB8159F528B2770100EDA067 /* AuthorizationProviderMock.swift */; };
		AB9F0DBB28B299AA00858825 /* Router.swift in Sources */ = {isa = PBXBuildFile; fileRef = AB9F0DBA28B299AA00858825 /* Router.swift */; };
		AB9F0DBD28B299E500858825 /* Route.swift in Sources */ = {isa = PBXBuildFile; fileRef = AB9F0DBC28B299E500858825 /* Route.swift */; };
		AB9F0DC228B29C3700858825 /* HomeView.swift in Sources */ = {isa = PBXBuildFile; fileRef = AB9F0DC128B29C3700858825 /* HomeView.swift */; };
		AB9F0DC828B29DC800858825 /* AppState.swift in Sources */ = {isa = PBXBuildFile; fileRef = AB9F0DC728B29DC800858825 /* AppState.swift */; };
		AB9F0DCC28B2A06200858825 /* View+Extension.swift in Sources */ = {isa = PBXBuildFile; fileRef = AB9F0DCB28B2A06200858825 /* View+Extension.swift */; };
		ABDC6ED628B285B700D45A14 /* Theme.swift in Sources */ = {isa = PBXBuildFile; fileRef = ABDC6ED528B285B700D45A14 /* Theme.swift */; };
/* End PBXBuildFile section */

/* Begin PBXContainerItemProxy section */
		AB8159C428B11D7A00EDA067 /* PBXContainerItemProxy */ = {
			isa = PBXContainerItemProxy;
			containerPortal = AB8159AB28B11D7800EDA067 /* Project object */;
			proxyType = 1;
			remoteGlobalIDString = AB8159B228B11D7800EDA067;
			remoteInfo = Canciones;
		};
		AB8159CE28B11D7A00EDA067 /* PBXContainerItemProxy */ = {
			isa = PBXContainerItemProxy;
			containerPortal = AB8159AB28B11D7800EDA067 /* Project object */;
			proxyType = 1;
			remoteGlobalIDString = AB8159B228B11D7800EDA067;
			remoteInfo = Canciones;
		};
/* End PBXContainerItemProxy section */

/* Begin PBXFileReference section */
		AB6A0DAB28B2EEF500206DBD /* ContentView.swift */ = {isa = PBXFileReference; lastKnownFileType = sourcecode.swift; path = ContentView.swift; sourceTree = "<group>"; };
		AB6A0DAD28B2EF1A00206DBD /* ProfileView.swift */ = {isa = PBXFileReference; lastKnownFileType = sourcecode.swift; path = ProfileView.swift; sourceTree = "<group>"; };
		AB6A0DAF28B2EF2700206DBD /* SearchView.swift */ = {isa = PBXFileReference; lastKnownFileType = sourcecode.swift; path = SearchView.swift; sourceTree = "<group>"; };
		AB6A0DB228B2F2A600206DBD /* Network.swift */ = {isa = PBXFileReference; lastKnownFileType = sourcecode.swift; path = Network.swift; sourceTree = "<group>"; };
		AB6A0DB428B2F2AF00206DBD /* RequestMethod.swift */ = {isa = PBXFileReference; lastKnownFileType = sourcecode.swift; path = RequestMethod.swift; sourceTree = "<group>"; };
		AB6A0DB628B2F2B600206DBD /* RequestError.swift */ = {isa = PBXFileReference; lastKnownFileType = sourcecode.swift; path = RequestError.swift; sourceTree = "<group>"; };
		AB6A0DBA28B2F42A00206DBD /* StorageKeys.swift */ = {isa = PBXFileReference; lastKnownFileType = sourcecode.swift; path = StorageKeys.swift; sourceTree = "<group>"; };
		AB6A0DBD28B2F47A00206DBD /* ProtectedStorageService.swift */ = {isa = PBXFileReference; lastKnownFileType = sourcecode.swift; path = ProtectedStorageService.swift; sourceTree = "<group>"; };
		AB6A0DC028B2F4C900206DBD /* AuthorizationToken.swift */ = {isa = PBXFileReference; lastKnownFileType = sourcecode.swift; path = AuthorizationToken.swift; sourceTree = "<group>"; };
		AB6A0DC328B39B2B00206DBD /* NotificationBanner.swift */ = {isa = PBXFileReference; lastKnownFileType = sourcecode.swift; path = NotificationBanner.swift; sourceTree = "<group>"; };
		AB6A0DC528B39DDA00206DBD /* NotificationBannerConfiguration.swift */ = {isa = PBXFileReference; lastKnownFileType = sourcecode.swift; path = NotificationBannerConfiguration.swift; sourceTree = "<group>"; };
		AB6A0DC728B3B2C600206DBD /* HomeViewModel.swift */ = {isa = PBXFileReference; lastKnownFileType = sourcecode.swift; path = HomeViewModel.swift; sourceTree = "<group>"; };
		AB6A0DC928B3B40F00206DBD /* ProfileViewModel.swift */ = {isa = PBXFileReference; lastKnownFileType = sourcecode.swift; path = ProfileViewModel.swift; sourceTree = "<group>"; };
		AB6A0DCB28B3B72A00206DBD /* ProfileService.swift */ = {isa = PBXFileReference; lastKnownFileType = sourcecode.swift; path = ProfileService.swift; sourceTree = "<group>"; };
		AB6A0DCD28B3B83F00206DBD /* Profile.swift */ = {isa = PBXFileReference; lastKnownFileType = sourcecode.swift; path = Profile.swift; sourceTree = "<group>"; };
		AB8159B328B11D7800EDA067 /* Canciones.app */ = {isa = PBXFileReference; explicitFileType = wrapper.application; includeInIndex = 0; path = Canciones.app; sourceTree = BUILT_PRODUCTS_DIR; };
		AB8159B628B11D7800EDA067 /* CancionesApp.swift */ = {isa = PBXFileReference; lastKnownFileType = sourcecode.swift; path = CancionesApp.swift; sourceTree = "<group>"; };
		AB8159BA28B11D7A00EDA067 /* Assets.xcassets */ = {isa = PBXFileReference; lastKnownFileType = folder.assetcatalog; path = Assets.xcassets; sourceTree = "<group>"; };
		AB8159C328B11D7A00EDA067 /* CancionesTests.xctest */ = {isa = PBXFileReference; explicitFileType = wrapper.cfbundle; includeInIndex = 0; path = CancionesTests.xctest; sourceTree = BUILT_PRODUCTS_DIR; };
		AB8159CD28B11D7A00EDA067 /* CancionesUITests.xctest */ = {isa = PBXFileReference; explicitFileType = wrapper.cfbundle; includeInIndex = 0; path = CancionesUITests.xctest; sourceTree = BUILT_PRODUCTS_DIR; };
		AB8159D128B11D7A00EDA067 /* CancionesUITests.swift */ = {isa = PBXFileReference; lastKnownFileType = sourcecode.swift; path = CancionesUITests.swift; sourceTree = "<group>"; };
		AB8159D328B11D7A00EDA067 /* CancionesUITestsLaunchTests.swift */ = {isa = PBXFileReference; lastKnownFileType = sourcecode.swift; path = CancionesUITestsLaunchTests.swift; sourceTree = "<group>"; };
		AB8159E028B120A000EDA067 /* Info.plist */ = {isa = PBXFileReference; lastKnownFileType = text.plist.xml; name = Info.plist; path = Canciones/Resources/Info.plist; sourceTree = SOURCE_ROOT; };
		AB8159E128B139D800EDA067 /* AuthorizationProvider.swift */ = {isa = PBXFileReference; lastKnownFileType = sourcecode.swift; path = AuthorizationProvider.swift; sourceTree = "<group>"; };
		AB8159E428B1416400EDA067 /* String+Extension.swift */ = {isa = PBXFileReference; lastKnownFileType = sourcecode.swift; path = "String+Extension.swift"; sourceTree = "<group>"; };
		AB8159E628B144BA00EDA067 /* Array+Extension.swift */ = {isa = PBXFileReference; lastKnownFileType = sourcecode.swift; path = "Array+Extension.swift"; sourceTree = "<group>"; };
		AB8159E928B1507A00EDA067 /* RandomGenerator.swift */ = {isa = PBXFileReference; lastKnownFileType = sourcecode.swift; path = RandomGenerator.swift; sourceTree = "<group>"; };
		AB8159EE28B2575400EDA067 /* AuthorizationView.swift */ = {isa = PBXFileReference; lastKnownFileType = sourcecode.swift; path = AuthorizationView.swift; sourceTree = "<group>"; };
		AB8159F028B2577700EDA067 /* AuthorizationViewModel.swift */ = {isa = PBXFileReference; lastKnownFileType = sourcecode.swift; path = AuthorizationViewModel.swift; sourceTree = "<group>"; };
		AB8159F228B276B500EDA067 /* AuthorizationViewModelTests.swift */ = {isa = PBXFileReference; lastKnownFileType = sourcecode.swift; path = AuthorizationViewModelTests.swift; sourceTree = "<group>"; };
		AB8159F528B2770100EDA067 /* AuthorizationProviderMock.swift */ = {isa = PBXFileReference; lastKnownFileType = sourcecode.swift; path = AuthorizationProviderMock.swift; sourceTree = "<group>"; };
		AB9F0DBA28B299AA00858825 /* Router.swift */ = {isa = PBXFileReference; lastKnownFileType = sourcecode.swift; path = Router.swift; sourceTree = "<group>"; };
		AB9F0DBC28B299E500858825 /* Route.swift */ = {isa = PBXFileReference; lastKnownFileType = sourcecode.swift; path = Route.swift; sourceTree = "<group>"; };
		AB9F0DC128B29C3700858825 /* HomeView.swift */ = {isa = PBXFileReference; lastKnownFileType = sourcecode.swift; path = HomeView.swift; sourceTree = "<group>"; };
		AB9F0DC728B29DC800858825 /* AppState.swift */ = {isa = PBXFileReference; lastKnownFileType = sourcecode.swift; path = AppState.swift; sourceTree = "<group>"; };
		AB9F0DCB28B2A06200858825 /* View+Extension.swift */ = {isa = PBXFileReference; lastKnownFileType = sourcecode.swift; path = "View+Extension.swift"; sourceTree = "<group>"; };
		ABDC6ED528B285B700D45A14 /* Theme.swift */ = {isa = PBXFileReference; lastKnownFileType = sourcecode.swift; path = Theme.swift; sourceTree = "<group>"; };
/* End PBXFileReference section */

/* Begin PBXFrameworksBuildPhase section */
		AB8159B028B11D7800EDA067 /* Frameworks */ = {
			isa = PBXFrameworksBuildPhase;
			buildActionMask = 2147483647;
			files = (
			);
			runOnlyForDeploymentPostprocessing = 0;
		};
		AB8159C028B11D7A00EDA067 /* Frameworks */ = {
			isa = PBXFrameworksBuildPhase;
			buildActionMask = 2147483647;
			files = (
			);
			runOnlyForDeploymentPostprocessing = 0;
		};
		AB8159CA28B11D7A00EDA067 /* Frameworks */ = {
			isa = PBXFrameworksBuildPhase;
			buildActionMask = 2147483647;
			files = (
			);
			runOnlyForDeploymentPostprocessing = 0;
		};
/* End PBXFrameworksBuildPhase section */

/* Begin PBXGroup section */
		AB6A0DB128B2F29500206DBD /* Network */ = {
			isa = PBXGroup;
			children = (
				AB6A0DB228B2F2A600206DBD /* Network.swift */,
				AB6A0DB428B2F2AF00206DBD /* RequestMethod.swift */,
				AB6A0DB628B2F2B600206DBD /* RequestError.swift */,
			);
			path = Network;
			sourceTree = "<group>";
		};
		AB6A0DB828B2F36100206DBD /* Flow */ = {
			isa = PBXGroup;
			children = (
				AB6A0DC228B39B1D00206DBD /* NotificationBanner */,
				AB6A0DAB28B2EEF500206DBD /* ContentView.swift */,
				AB9F0DC628B29DB300858825 /* App */,
				AB8159EB28B2573500EDA067 /* Autorization */,
				AB9F0DBE28B29BCA00858825 /* Home */,
				AB9F0DBF28B29BD500858825 /* Profile */,
			);
			path = Flow;
			sourceTree = "<group>";
		};
		AB6A0DB928B2F41D00206DBD /* Enums */ = {
			isa = PBXGroup;
			children = (
				AB6A0DBA28B2F42A00206DBD /* StorageKeys.swift */,
			);
			path = Enums;
			sourceTree = "<group>";
		};
		AB6A0DBC28B2F47300206DBD /* Services */ = {
			isa = PBXGroup;
			children = (
				AB6A0DBD28B2F47A00206DBD /* ProtectedStorageService.swift */,
				AB6A0DCB28B3B72A00206DBD /* ProfileService.swift */,
			);
			path = Services;
			sourceTree = "<group>";
		};
		AB6A0DBF28B2F4BE00206DBD /* Models */ = {
			isa = PBXGroup;
			children = (
				AB6A0DC028B2F4C900206DBD /* AuthorizationToken.swift */,
				AB6A0DCD28B3B83F00206DBD /* Profile.swift */,
			);
			path = Models;
			sourceTree = "<group>";
		};
		AB6A0DC228B39B1D00206DBD /* NotificationBanner */ = {
			isa = PBXGroup;
			children = (
				AB6A0DC328B39B2B00206DBD /* NotificationBanner.swift */,
				AB6A0DC528B39DDA00206DBD /* NotificationBannerConfiguration.swift */,
			);
			path = NotificationBanner;
			sourceTree = "<group>";
		};
		AB8159AA28B11D7800EDA067 = {
			isa = PBXGroup;
			children = (
				AB8159B528B11D7800EDA067 /* Canciones */,
				AB8159C628B11D7A00EDA067 /* CancionesTests */,
				AB8159D028B11D7A00EDA067 /* CancionesUITests */,
				AB8159B428B11D7800EDA067 /* Products */,
			);
			sourceTree = "<group>";
		};
		AB8159B428B11D7800EDA067 /* Products */ = {
			isa = PBXGroup;
			children = (
				AB8159B328B11D7800EDA067 /* Canciones.app */,
				AB8159C328B11D7A00EDA067 /* CancionesTests.xctest */,
				AB8159CD28B11D7A00EDA067 /* CancionesUITests.xctest */,
			);
			name = Products;
			sourceTree = "<group>";
		};
		AB8159B528B11D7800EDA067 /* Canciones */ = {
			isa = PBXGroup;
			children = (
				AB6A0DBF28B2F4BE00206DBD /* Models */,
				AB6A0DBC28B2F47300206DBD /* Services */,
				AB6A0DB928B2F41D00206DBD /* Enums */,
				AB8159E328B1413800EDA067 /* Extensions */,
				AB6A0DB828B2F36100206DBD /* Flow */,
				AB8159E828B1507100EDA067 /* Helper */,
				AB6A0DB128B2F29500206DBD /* Network */,
				AB9F0DC328B29C6A00858825 /* Resources */,
				AB9F0DB928B299A300858825 /* Router */,
				AB9F0DC028B29BDB00858825 /* Search */,
				ABDC6ED528B285B700D45A14 /* Theme.swift */,
			);
			path = Canciones;
			sourceTree = "<group>";
		};
		AB8159C628B11D7A00EDA067 /* CancionesTests */ = {
			isa = PBXGroup;
			children = (
				AB8159F428B276F500EDA067 /* Mock */,
				AB8159F228B276B500EDA067 /* AuthorizationViewModelTests.swift */,
			);
			path = CancionesTests;
			sourceTree = "<group>";
		};
		AB8159D028B11D7A00EDA067 /* CancionesUITests */ = {
			isa = PBXGroup;
			children = (
				AB8159D128B11D7A00EDA067 /* CancionesUITests.swift */,
				AB8159D328B11D7A00EDA067 /* CancionesUITestsLaunchTests.swift */,
			);
			path = CancionesUITests;
			sourceTree = "<group>";
		};
		AB8159E328B1413800EDA067 /* Extensions */ = {
			isa = PBXGroup;
			children = (
				AB8159E428B1416400EDA067 /* String+Extension.swift */,
				AB8159E628B144BA00EDA067 /* Array+Extension.swift */,
				AB9F0DCB28B2A06200858825 /* View+Extension.swift */,
			);
			path = Extensions;
			sourceTree = "<group>";
		};
		AB8159E828B1507100EDA067 /* Helper */ = {
			isa = PBXGroup;
			children = (
				AB8159E928B1507A00EDA067 /* RandomGenerator.swift */,
			);
			path = Helper;
			sourceTree = "<group>";
		};
		AB8159EB28B2573500EDA067 /* Autorization */ = {
			isa = PBXGroup;
			children = (
				AB8159E128B139D800EDA067 /* AuthorizationProvider.swift */,
				AB8159EE28B2575400EDA067 /* AuthorizationView.swift */,
				AB8159F028B2577700EDA067 /* AuthorizationViewModel.swift */,
			);
			path = Autorization;
			sourceTree = "<group>";
		};
		AB8159F428B276F500EDA067 /* Mock */ = {
			isa = PBXGroup;
			children = (
				AB8159F528B2770100EDA067 /* AuthorizationProviderMock.swift */,
			);
			path = Mock;
			sourceTree = "<group>";
		};
		AB9F0DB928B299A300858825 /* Router */ = {
			isa = PBXGroup;
			children = (
				AB9F0DBA28B299AA00858825 /* Router.swift */,
				AB9F0DBC28B299E500858825 /* Route.swift */,
			);
			path = Router;
			sourceTree = "<group>";
		};
		AB9F0DBE28B29BCA00858825 /* Home */ = {
			isa = PBXGroup;
			children = (
				AB9F0DC128B29C3700858825 /* HomeView.swift */,
				AB6A0DC728B3B2C600206DBD /* HomeViewModel.swift */,
			);
			path = Home;
			sourceTree = "<group>";
		};
		AB9F0DBF28B29BD500858825 /* Profile */ = {
			isa = PBXGroup;
			children = (
				AB6A0DAD28B2EF1A00206DBD /* ProfileView.swift */,
				AB6A0DC928B3B40F00206DBD /* ProfileViewModel.swift */,
			);
			path = Profile;
			sourceTree = "<group>";
		};
		AB9F0DC028B29BDB00858825 /* Search */ = {
			isa = PBXGroup;
			children = (
				AB6A0DAF28B2EF2700206DBD /* SearchView.swift */,
			);
			path = Search;
			sourceTree = "<group>";
		};
		AB9F0DC328B29C6A00858825 /* Resources */ = {
			isa = PBXGroup;
			children = (
				AB8159E028B120A000EDA067 /* Info.plist */,
				AB8159BA28B11D7A00EDA067 /* Assets.xcassets */,
			);
			path = Resources;
			sourceTree = "<group>";
		};
		AB9F0DC628B29DB300858825 /* App */ = {
			isa = PBXGroup;
			children = (
				AB9F0DC728B29DC800858825 /* AppState.swift */,
				AB8159B628B11D7800EDA067 /* CancionesApp.swift */,
			);
			path = App;
			sourceTree = "<group>";
		};
/* End PBXGroup section */

/* Begin PBXNativeTarget section */
		AB8159B228B11D7800EDA067 /* Canciones */ = {
			isa = PBXNativeTarget;
			buildConfigurationList = AB8159D728B11D7A00EDA067 /* Build configuration list for PBXNativeTarget "Canciones" */;
			buildPhases = (
				AB8159AF28B11D7800EDA067 /* Sources */,
				AB8159B028B11D7800EDA067 /* Frameworks */,
				AB8159B128B11D7800EDA067 /* Resources */,
			);
			buildRules = (
			);
			dependencies = (
			);
			name = Canciones;
			productName = Canciones;
			productReference = AB8159B328B11D7800EDA067 /* Canciones.app */;
			productType = "com.apple.product-type.application";
		};
		AB8159C228B11D7A00EDA067 /* CancionesTests */ = {
			isa = PBXNativeTarget;
			buildConfigurationList = AB8159DA28B11D7A00EDA067 /* Build configuration list for PBXNativeTarget "CancionesTests" */;
			buildPhases = (
				AB8159BF28B11D7A00EDA067 /* Sources */,
				AB8159C028B11D7A00EDA067 /* Frameworks */,
				AB8159C128B11D7A00EDA067 /* Resources */,
			);
			buildRules = (
			);
			dependencies = (
				AB8159C528B11D7A00EDA067 /* PBXTargetDependency */,
			);
			name = CancionesTests;
			productName = CancionesTests;
			productReference = AB8159C328B11D7A00EDA067 /* CancionesTests.xctest */;
			productType = "com.apple.product-type.bundle.unit-test";
		};
		AB8159CC28B11D7A00EDA067 /* CancionesUITests */ = {
			isa = PBXNativeTarget;
			buildConfigurationList = AB8159DD28B11D7A00EDA067 /* Build configuration list for PBXNativeTarget "CancionesUITests" */;
			buildPhases = (
				AB8159C928B11D7A00EDA067 /* Sources */,
				AB8159CA28B11D7A00EDA067 /* Frameworks */,
				AB8159CB28B11D7A00EDA067 /* Resources */,
			);
			buildRules = (
			);
			dependencies = (
				AB8159CF28B11D7A00EDA067 /* PBXTargetDependency */,
			);
			name = CancionesUITests;
			productName = CancionesUITests;
			productReference = AB8159CD28B11D7A00EDA067 /* CancionesUITests.xctest */;
			productType = "com.apple.product-type.bundle.ui-testing";
		};
/* End PBXNativeTarget section */

/* Begin PBXProject section */
		AB8159AB28B11D7800EDA067 /* Project object */ = {
			isa = PBXProject;
			attributes = {
				BuildIndependentTargetsInParallel = 1;
				LastSwiftUpdateCheck = 1400;
				LastUpgradeCheck = 1400;
				TargetAttributes = {
					AB8159B228B11D7800EDA067 = {
						CreatedOnToolsVersion = 14.0;
					};
					AB8159C228B11D7A00EDA067 = {
						CreatedOnToolsVersion = 14.0;
						TestTargetID = AB8159B228B11D7800EDA067;
					};
					AB8159CC28B11D7A00EDA067 = {
						CreatedOnToolsVersion = 14.0;
						TestTargetID = AB8159B228B11D7800EDA067;
					};
				};
			};
			buildConfigurationList = AB8159AE28B11D7800EDA067 /* Build configuration list for PBXProject "Canciones" */;
			compatibilityVersion = "Xcode 14.0";
			developmentRegion = en;
			hasScannedForEncodings = 0;
			knownRegions = (
				en,
				Base,
			);
			mainGroup = AB8159AA28B11D7800EDA067;
			productRefGroup = AB8159B428B11D7800EDA067 /* Products */;
			projectDirPath = "";
			projectRoot = "";
			targets = (
				AB8159B228B11D7800EDA067 /* Canciones */,
				AB8159C228B11D7A00EDA067 /* CancionesTests */,
				AB8159CC28B11D7A00EDA067 /* CancionesUITests */,
			);
		};
/* End PBXProject section */

/* Begin PBXResourcesBuildPhase section */
		AB8159B128B11D7800EDA067 /* Resources */ = {
			isa = PBXResourcesBuildPhase;
			buildActionMask = 2147483647;
			files = (
				AB8159BB28B11D7A00EDA067 /* Assets.xcassets in Resources */,
			);
			runOnlyForDeploymentPostprocessing = 0;
		};
		AB8159C128B11D7A00EDA067 /* Resources */ = {
			isa = PBXResourcesBuildPhase;
			buildActionMask = 2147483647;
			files = (
			);
			runOnlyForDeploymentPostprocessing = 0;
		};
		AB8159CB28B11D7A00EDA067 /* Resources */ = {
			isa = PBXResourcesBuildPhase;
			buildActionMask = 2147483647;
			files = (
			);
			runOnlyForDeploymentPostprocessing = 0;
		};
/* End PBXResourcesBuildPhase section */

/* Begin PBXSourcesBuildPhase section */
		AB8159AF28B11D7800EDA067 /* Sources */ = {
			isa = PBXSourcesBuildPhase;
			buildActionMask = 2147483647;
			files = (
				AB8159E528B1416400EDA067 /* String+Extension.swift in Sources */,
				ABDC6ED628B285B700D45A14 /* Theme.swift in Sources */,
				AB6A0DCC28B3B72A00206DBD /* ProfileService.swift in Sources */,
				AB6A0DAC28B2EEF500206DBD /* ContentView.swift in Sources */,
				AB6A0DC828B3B2C600206DBD /* HomeViewModel.swift in Sources */,
				AB8159E728B144BA00EDA067 /* Array+Extension.swift in Sources */,
				AB6A0DC428B39B2B00206DBD /* NotificationBanner.swift in Sources */,
				AB9F0DC828B29DC800858825 /* AppState.swift in Sources */,
				AB9F0DBD28B299E500858825 /* Route.swift in Sources */,
				AB8159E228B139D800EDA067 /* AuthorizationProvider.swift in Sources */,
				AB6A0DAE28B2EF1A00206DBD /* ProfileView.swift in Sources */,
				AB6A0DCA28B3B40F00206DBD /* ProfileViewModel.swift in Sources */,
				AB9F0DC228B29C3700858825 /* HomeView.swift in Sources */,
				AB6A0DBB28B2F42A00206DBD /* StorageKeys.swift in Sources */,
				AB6A0DC128B2F4C900206DBD /* AuthorizationToken.swift in Sources */,
				AB6A0DBE28B2F47A00206DBD /* ProtectedStorageService.swift in Sources */,
				AB9F0DBB28B299AA00858825 /* Router.swift in Sources */,
				AB6A0DCE28B3B83F00206DBD /* Profile.swift in Sources */,
				AB6A0DB328B2F2A600206DBD /* Network.swift in Sources */,
				AB8159F128B2577700EDA067 /* AuthorizationViewModel.swift in Sources */,
				AB8159B728B11D7800EDA067 /* CancionesApp.swift in Sources */,
				AB6A0DB028B2EF2700206DBD /* SearchView.swift in Sources */,
				AB6A0DB728B2F2B600206DBD /* RequestError.swift in Sources */,
				AB8159EF28B2575400EDA067 /* AuthorizationView.swift in Sources */,
				AB9F0DCC28B2A06200858825 /* View+Extension.swift in Sources */,
				AB6A0DC628B39DDA00206DBD /* NotificationBannerConfiguration.swift in Sources */,
				AB6A0DB528B2F2AF00206DBD /* RequestMethod.swift in Sources */,
				AB8159EA28B1507A00EDA067 /* RandomGenerator.swift in Sources */,
			);
			runOnlyForDeploymentPostprocessing = 0;
		};
		AB8159BF28B11D7A00EDA067 /* Sources */ = {
			isa = PBXSourcesBuildPhase;
			buildActionMask = 2147483647;
			files = (
				AB8159F328B276B500EDA067 /* AuthorizationViewModelTests.swift in Sources */,
				AB8159F628B2770100EDA067 /* AuthorizationProviderMock.swift in Sources */,
			);
			runOnlyForDeploymentPostprocessing = 0;
		};
		AB8159C928B11D7A00EDA067 /* Sources */ = {
			isa = PBXSourcesBuildPhase;
			buildActionMask = 2147483647;
			files = (
				AB8159D428B11D7A00EDA067 /* CancionesUITestsLaunchTests.swift in Sources */,
				AB8159D228B11D7A00EDA067 /* CancionesUITests.swift in Sources */,
			);
			runOnlyForDeploymentPostprocessing = 0;
		};
/* End PBXSourcesBuildPhase section */

/* Begin PBXTargetDependency section */
		AB8159C528B11D7A00EDA067 /* PBXTargetDependency */ = {
			isa = PBXTargetDependency;
			target = AB8159B228B11D7800EDA067 /* Canciones */;
			targetProxy = AB8159C428B11D7A00EDA067 /* PBXContainerItemProxy */;
		};
		AB8159CF28B11D7A00EDA067 /* PBXTargetDependency */ = {
			isa = PBXTargetDependency;
			target = AB8159B228B11D7800EDA067 /* Canciones */;
			targetProxy = AB8159CE28B11D7A00EDA067 /* PBXContainerItemProxy */;
		};
/* End PBXTargetDependency section */

/* Begin XCBuildConfiguration section */
		AB8159D528B11D7A00EDA067 /* Debug */ = {
			isa = XCBuildConfiguration;
			buildSettings = {
				ALWAYS_SEARCH_USER_PATHS = NO;
				CLANG_ANALYZER_NONNULL = YES;
				CLANG_ANALYZER_NUMBER_OBJECT_CONVERSION = YES_AGGRESSIVE;
				CLANG_CXX_LANGUAGE_STANDARD = "gnu++20";
				CLANG_ENABLE_MODULES = YES;
				CLANG_ENABLE_OBJC_ARC = YES;
				CLANG_ENABLE_OBJC_WEAK = YES;
				CLANG_WARN_BLOCK_CAPTURE_AUTORELEASING = YES;
				CLANG_WARN_BOOL_CONVERSION = YES;
				CLANG_WARN_COMMA = YES;
				CLANG_WARN_CONSTANT_CONVERSION = YES;
				CLANG_WARN_DEPRECATED_OBJC_IMPLEMENTATIONS = YES;
				CLANG_WARN_DIRECT_OBJC_ISA_USAGE = YES_ERROR;
				CLANG_WARN_DOCUMENTATION_COMMENTS = YES;
				CLANG_WARN_EMPTY_BODY = YES;
				CLANG_WARN_ENUM_CONVERSION = YES;
				CLANG_WARN_INFINITE_RECURSION = YES;
				CLANG_WARN_INT_CONVERSION = YES;
				CLANG_WARN_NON_LITERAL_NULL_CONVERSION = YES;
				CLANG_WARN_OBJC_IMPLICIT_RETAIN_SELF = YES;
				CLANG_WARN_OBJC_LITERAL_CONVERSION = YES;
				CLANG_WARN_OBJC_ROOT_CLASS = YES_ERROR;
				CLANG_WARN_QUOTED_INCLUDE_IN_FRAMEWORK_HEADER = YES;
				CLANG_WARN_RANGE_LOOP_ANALYSIS = YES;
				CLANG_WARN_STRICT_PROTOTYPES = YES;
				CLANG_WARN_SUSPICIOUS_MOVE = YES;
				CLANG_WARN_UNGUARDED_AVAILABILITY = YES_AGGRESSIVE;
				CLANG_WARN_UNREACHABLE_CODE = YES;
				CLANG_WARN__DUPLICATE_METHOD_MATCH = YES;
				COPY_PHASE_STRIP = NO;
				DEBUG_INFORMATION_FORMAT = dwarf;
				ENABLE_STRICT_OBJC_MSGSEND = YES;
				ENABLE_TESTABILITY = YES;
				GCC_C_LANGUAGE_STANDARD = gnu11;
				GCC_DYNAMIC_NO_PIC = NO;
				GCC_NO_COMMON_BLOCKS = YES;
				GCC_OPTIMIZATION_LEVEL = 0;
				GCC_PREPROCESSOR_DEFINITIONS = (
					"DEBUG=1",
					"$(inherited)",
				);
				GCC_WARN_64_TO_32_BIT_CONVERSION = YES;
				GCC_WARN_ABOUT_RETURN_TYPE = YES_ERROR;
				GCC_WARN_UNDECLARED_SELECTOR = YES;
				GCC_WARN_UNINITIALIZED_AUTOS = YES_AGGRESSIVE;
				GCC_WARN_UNUSED_FUNCTION = YES;
				GCC_WARN_UNUSED_VARIABLE = YES;
				IPHONEOS_DEPLOYMENT_TARGET = 16.0;
				MTL_ENABLE_DEBUG_INFO = INCLUDE_SOURCE;
				MTL_FAST_MATH = YES;
				ONLY_ACTIVE_ARCH = YES;
				SDKROOT = iphoneos;
				SWIFT_ACTIVE_COMPILATION_CONDITIONS = DEBUG;
				SWIFT_OPTIMIZATION_LEVEL = "-Onone";
			};
			name = Debug;
		};
		AB8159D628B11D7A00EDA067 /* Release */ = {
			isa = XCBuildConfiguration;
			buildSettings = {
				ALWAYS_SEARCH_USER_PATHS = NO;
				CLANG_ANALYZER_NONNULL = YES;
				CLANG_ANALYZER_NUMBER_OBJECT_CONVERSION = YES_AGGRESSIVE;
				CLANG_CXX_LANGUAGE_STANDARD = "gnu++20";
				CLANG_ENABLE_MODULES = YES;
				CLANG_ENABLE_OBJC_ARC = YES;
				CLANG_ENABLE_OBJC_WEAK = YES;
				CLANG_WARN_BLOCK_CAPTURE_AUTORELEASING = YES;
				CLANG_WARN_BOOL_CONVERSION = YES;
				CLANG_WARN_COMMA = YES;
				CLANG_WARN_CONSTANT_CONVERSION = YES;
				CLANG_WARN_DEPRECATED_OBJC_IMPLEMENTATIONS = YES;
				CLANG_WARN_DIRECT_OBJC_ISA_USAGE = YES_ERROR;
				CLANG_WARN_DOCUMENTATION_COMMENTS = YES;
				CLANG_WARN_EMPTY_BODY = YES;
				CLANG_WARN_ENUM_CONVERSION = YES;
				CLANG_WARN_INFINITE_RECURSION = YES;
				CLANG_WARN_INT_CONVERSION = YES;
				CLANG_WARN_NON_LITERAL_NULL_CONVERSION = YES;
				CLANG_WARN_OBJC_IMPLICIT_RETAIN_SELF = YES;
				CLANG_WARN_OBJC_LITERAL_CONVERSION = YES;
				CLANG_WARN_OBJC_ROOT_CLASS = YES_ERROR;
				CLANG_WARN_QUOTED_INCLUDE_IN_FRAMEWORK_HEADER = YES;
				CLANG_WARN_RANGE_LOOP_ANALYSIS = YES;
				CLANG_WARN_STRICT_PROTOTYPES = YES;
				CLANG_WARN_SUSPICIOUS_MOVE = YES;
				CLANG_WARN_UNGUARDED_AVAILABILITY = YES_AGGRESSIVE;
				CLANG_WARN_UNREACHABLE_CODE = YES;
				CLANG_WARN__DUPLICATE_METHOD_MATCH = YES;
				COPY_PHASE_STRIP = NO;
				DEBUG_INFORMATION_FORMAT = "dwarf-with-dsym";
				ENABLE_NS_ASSERTIONS = NO;
				ENABLE_STRICT_OBJC_MSGSEND = YES;
				GCC_C_LANGUAGE_STANDARD = gnu11;
				GCC_NO_COMMON_BLOCKS = YES;
				GCC_WARN_64_TO_32_BIT_CONVERSION = YES;
				GCC_WARN_ABOUT_RETURN_TYPE = YES_ERROR;
				GCC_WARN_UNDECLARED_SELECTOR = YES;
				GCC_WARN_UNINITIALIZED_AUTOS = YES_AGGRESSIVE;
				GCC_WARN_UNUSED_FUNCTION = YES;
				GCC_WARN_UNUSED_VARIABLE = YES;
				IPHONEOS_DEPLOYMENT_TARGET = 16.0;
				MTL_ENABLE_DEBUG_INFO = NO;
				MTL_FAST_MATH = YES;
				SDKROOT = iphoneos;
				SWIFT_COMPILATION_MODE = wholemodule;
				SWIFT_OPTIMIZATION_LEVEL = "-O";
				VALIDATE_PRODUCT = YES;
			};
			name = Release;
		};
		AB8159D828B11D7A00EDA067 /* Debug */ = {
			isa = XCBuildConfiguration;
			buildSettings = {
				ASSETCATALOG_COMPILER_APPICON_NAME = AppIcon;
				ASSETCATALOG_COMPILER_GLOBAL_ACCENT_COLOR_NAME = AccentColor;
				CODE_SIGN_STYLE = Automatic;
				CURRENT_PROJECT_VERSION = 1;
				DEVELOPMENT_TEAM = M9S9DP25NB;
				ENABLE_PREVIEWS = YES;
				GENERATE_INFOPLIST_FILE = YES;
				INFOPLIST_FILE = Canciones/Resources/Info.plist;
				INFOPLIST_KEY_LSApplicationCategoryType = "public.app-category.music";
				INFOPLIST_KEY_UIApplicationSceneManifest_Generation = YES;
				INFOPLIST_KEY_UIApplicationSupportsIndirectInputEvents = YES;
				INFOPLIST_KEY_UILaunchScreen_Generation = YES;
				INFOPLIST_KEY_UISupportedInterfaceOrientations = UIInterfaceOrientationPortrait;
				INFOPLIST_KEY_UISupportedInterfaceOrientations_iPad = "UIInterfaceOrientationLandscapeLeft UIInterfaceOrientationLandscapeRight UIInterfaceOrientationPortrait UIInterfaceOrientationPortraitUpsideDown";
				LD_RUNPATH_SEARCH_PATHS = (
					"$(inherited)",
					"@executable_path/Frameworks",
				);
				MARKETING_VERSION = 1.0;
				PRODUCT_BUNDLE_IDENTIFIER = com.artur.sakhno.Canciones;
				PRODUCT_NAME = "$(TARGET_NAME)";
				SWIFT_EMIT_LOC_STRINGS = YES;
				SWIFT_VERSION = 5.0;
				TARGETED_DEVICE_FAMILY = "1,2";
			};
			name = Debug;
		};
		AB8159D928B11D7A00EDA067 /* Release */ = {
			isa = XCBuildConfiguration;
			buildSettings = {
				ASSETCATALOG_COMPILER_APPICON_NAME = AppIcon;
				ASSETCATALOG_COMPILER_GLOBAL_ACCENT_COLOR_NAME = AccentColor;
				CODE_SIGN_STYLE = Automatic;
				CURRENT_PROJECT_VERSION = 1;
				DEVELOPMENT_TEAM = M9S9DP25NB;
				ENABLE_PREVIEWS = YES;
				GENERATE_INFOPLIST_FILE = YES;
				INFOPLIST_FILE = Canciones/Resources/Info.plist;
				INFOPLIST_KEY_LSApplicationCategoryType = "public.app-category.music";
				INFOPLIST_KEY_UIApplicationSceneManifest_Generation = YES;
				INFOPLIST_KEY_UIApplicationSupportsIndirectInputEvents = YES;
				INFOPLIST_KEY_UILaunchScreen_Generation = YES;
				INFOPLIST_KEY_UISupportedInterfaceOrientations = UIInterfaceOrientationPortrait;
				INFOPLIST_KEY_UISupportedInterfaceOrientations_iPad = "UIInterfaceOrientationLandscapeLeft UIInterfaceOrientationLandscapeRight UIInterfaceOrientationPortrait UIInterfaceOrientationPortraitUpsideDown";
				LD_RUNPATH_SEARCH_PATHS = (
					"$(inherited)",
					"@executable_path/Frameworks",
				);
				MARKETING_VERSION = 1.0;
				PRODUCT_BUNDLE_IDENTIFIER = com.artur.sakhno.Canciones;
				PRODUCT_NAME = "$(TARGET_NAME)";
				SWIFT_EMIT_LOC_STRINGS = YES;
				SWIFT_VERSION = 5.0;
				TARGETED_DEVICE_FAMILY = "1,2";
			};
			name = Release;
		};
		AB8159DB28B11D7A00EDA067 /* Debug */ = {
			isa = XCBuildConfiguration;
			buildSettings = {
				ALWAYS_EMBED_SWIFT_STANDARD_LIBRARIES = YES;
				BUNDLE_LOADER = "$(TEST_HOST)";
				CODE_SIGN_STYLE = Automatic;
				CURRENT_PROJECT_VERSION = 1;
				DEVELOPMENT_TEAM = M9S9DP25NB;
				GENERATE_INFOPLIST_FILE = YES;
				IPHONEOS_DEPLOYMENT_TARGET = 16.0;
				MARKETING_VERSION = 1.0;
				PRODUCT_BUNDLE_IDENTIFIER = com.artur.sakhno.CancionesTests;
				PRODUCT_NAME = "$(TARGET_NAME)";
				SWIFT_EMIT_LOC_STRINGS = NO;
				SWIFT_VERSION = 5.0;
				TARGETED_DEVICE_FAMILY = "1,2";
				TEST_HOST = "$(BUILT_PRODUCTS_DIR)/Canciones.app/$(BUNDLE_EXECUTABLE_FOLDER_PATH)/Canciones";
			};
			name = Debug;
		};
		AB8159DC28B11D7A00EDA067 /* Release */ = {
			isa = XCBuildConfiguration;
			buildSettings = {
				ALWAYS_EMBED_SWIFT_STANDARD_LIBRARIES = YES;
				BUNDLE_LOADER = "$(TEST_HOST)";
				CODE_SIGN_STYLE = Automatic;
				CURRENT_PROJECT_VERSION = 1;
				DEVELOPMENT_TEAM = M9S9DP25NB;
				GENERATE_INFOPLIST_FILE = YES;
				IPHONEOS_DEPLOYMENT_TARGET = 16.0;
				MARKETING_VERSION = 1.0;
				PRODUCT_BUNDLE_IDENTIFIER = com.artur.sakhno.CancionesTests;
				PRODUCT_NAME = "$(TARGET_NAME)";
				SWIFT_EMIT_LOC_STRINGS = NO;
				SWIFT_VERSION = 5.0;
				TARGETED_DEVICE_FAMILY = "1,2";
				TEST_HOST = "$(BUILT_PRODUCTS_DIR)/Canciones.app/$(BUNDLE_EXECUTABLE_FOLDER_PATH)/Canciones";
			};
			name = Release;
		};
		AB8159DE28B11D7A00EDA067 /* Debug */ = {
			isa = XCBuildConfiguration;
			buildSettings = {
				ALWAYS_EMBED_SWIFT_STANDARD_LIBRARIES = YES;
				CODE_SIGN_STYLE = Automatic;
				CURRENT_PROJECT_VERSION = 1;
				DEVELOPMENT_TEAM = M9S9DP25NB;
				GENERATE_INFOPLIST_FILE = YES;
				MARKETING_VERSION = 1.0;
				PRODUCT_BUNDLE_IDENTIFIER = com.artur.sakhno.CancionesUITests;
				PRODUCT_NAME = "$(TARGET_NAME)";
				SWIFT_EMIT_LOC_STRINGS = NO;
				SWIFT_VERSION = 5.0;
				TARGETED_DEVICE_FAMILY = "1,2";
				TEST_TARGET_NAME = Canciones;
			};
			name = Debug;
		};
		AB8159DF28B11D7A00EDA067 /* Release */ = {
			isa = XCBuildConfiguration;
			buildSettings = {
				ALWAYS_EMBED_SWIFT_STANDARD_LIBRARIES = YES;
				CODE_SIGN_STYLE = Automatic;
				CURRENT_PROJECT_VERSION = 1;
				DEVELOPMENT_TEAM = M9S9DP25NB;
				GENERATE_INFOPLIST_FILE = YES;
				MARKETING_VERSION = 1.0;
				PRODUCT_BUNDLE_IDENTIFIER = com.artur.sakhno.CancionesUITests;
				PRODUCT_NAME = "$(TARGET_NAME)";
				SWIFT_EMIT_LOC_STRINGS = NO;
				SWIFT_VERSION = 5.0;
				TARGETED_DEVICE_FAMILY = "1,2";
				TEST_TARGET_NAME = Canciones;
			};
			name = Release;
		};
/* End XCBuildConfiguration section */

/* Begin XCConfigurationList section */
		AB8159AE28B11D7800EDA067 /* Build configuration list for PBXProject "Canciones" */ = {
			isa = XCConfigurationList;
			buildConfigurations = (
				AB8159D528B11D7A00EDA067 /* Debug */,
				AB8159D628B11D7A00EDA067 /* Release */,
			);
			defaultConfigurationIsVisible = 0;
			defaultConfigurationName = Release;
		};
		AB8159D728B11D7A00EDA067 /* Build configuration list for PBXNativeTarget "Canciones" */ = {
			isa = XCConfigurationList;
			buildConfigurations = (
				AB8159D828B11D7A00EDA067 /* Debug */,
				AB8159D928B11D7A00EDA067 /* Release */,
			);
			defaultConfigurationIsVisible = 0;
			defaultConfigurationName = Release;
		};
		AB8159DA28B11D7A00EDA067 /* Build configuration list for PBXNativeTarget "CancionesTests" */ = {
			isa = XCConfigurationList;
			buildConfigurations = (
				AB8159DB28B11D7A00EDA067 /* Debug */,
				AB8159DC28B11D7A00EDA067 /* Release */,
			);
			defaultConfigurationIsVisible = 0;
			defaultConfigurationName = Release;
		};
		AB8159DD28B11D7A00EDA067 /* Build configuration list for PBXNativeTarget "CancionesUITests" */ = {
			isa = XCConfigurationList;
			buildConfigurations = (
				AB8159DE28B11D7A00EDA067 /* Debug */,
				AB8159DF28B11D7A00EDA067 /* Release */,
			);
			defaultConfigurationIsVisible = 0;
			defaultConfigurationName = Release;
		};
/* End XCConfigurationList section */
	};
	rootObject = AB8159AB28B11D7800EDA067 /* Project object */;
}
