// !$*UTF8*$!
{
	archiveVersion = 1;
	classes = {
	};
	objectVersion = 56;
	objects = {

/* Begin PBXBuildFile section */
		AB8159B728B11D7800EDA067 /* CancionesApp.swift in Sources */ = {isa = PBXBuildFile; fileRef = AB8159B628B11D7800EDA067 /* CancionesApp.swift */; };
		AB8159B928B11D7800EDA067 /* ContentView.swift in Sources */ = {isa = PBXBuildFile; fileRef = AB8159B828B11D7800EDA067 /* ContentView.swift */; };
		AB8159BB28B11D7A00EDA067 /* Assets.xcassets in Resources */ = {isa = PBXBuildFile; fileRef = AB8159BA28B11D7A00EDA067 /* Assets.xcassets */; };
		AB8159BE28B11D7A00EDA067 /* Preview Assets.xcassets in Resources */ = {isa = PBXBuildFile; fileRef = AB8159BD28B11D7A00EDA067 /* Preview Assets.xcassets */; };
		AB8159C828B11D7A00EDA067 /* CancionesTests.swift in Sources */ = {isa = PBXBuildFile; fileRef = AB8159C728B11D7A00EDA067 /* CancionesTests.swift */; };
		AB8159D228B11D7A00EDA067 /* CancionesUITests.swift in Sources */ = {isa = PBXBuildFile; fileRef = AB8159D128B11D7A00EDA067 /* CancionesUITests.swift */; };
		AB8159D428B11D7A00EDA067 /* CancionesUITestsLaunchTests.swift in Sources */ = {isa = PBXBuildFile; fileRef = AB8159D328B11D7A00EDA067 /* CancionesUITestsLaunchTests.swift */; };
		AB8159E228B139D800EDA067 /* AuthorizationProvider.swift in Sources */ = {isa = PBXBuildFile; fileRef = AB8159E128B139D800EDA067 /* AuthorizationProvider.swift */; };
		AB8159E528B1416400EDA067 /* String+Extension.swift in Sources */ = {isa = PBXBuildFile; fileRef = AB8159E428B1416400EDA067 /* String+Extension.swift */; };
		AB8159E728B144BA00EDA067 /* Array+Extension.swift in Sources */ = {isa = PBXBuildFile; fileRef = AB8159E628B144BA00EDA067 /* Array+Extension.swift */; };
		AB8159EA28B1507A00EDA067 /* RandomGenerator.swift in Sources */ = {isa = PBXBuildFile; fileRef = AB8159E928B1507A00EDA067 /* RandomGenerator.swift */; };
/* End PBXBuildFile section */

/* Begin PBXContainerItemProxy section */
		AB8159C428B11D7A00EDA067 /* PBXContainerItemProxy */ = {
			isa = PBXContainerItemProxy;
			containerPortal = AB8159AB28B11D7800EDA067 /* Project object */;
			proxyType = 1;
			remoteGlobalIDString = AB8159B228B11D7800EDA067;
			remoteInfo = Canciones;
		};
		AB8159CE28B11D7A00EDA067 /* PBXContainerItemProxy */ = {
			isa = PBXContainerItemProxy;
			containerPortal = AB8159AB28B11D7800EDA067 /* Project object */;
			proxyType = 1;
			remoteGlobalIDString = AB8159B228B11D7800EDA067;
			remoteInfo = Canciones;
		};
/* End PBXContainerItemProxy section */

/* Begin PBXFileReference section */
		AB8159B328B11D7800EDA067 /* Canciones.app */ = {isa = PBXFileReference; explicitFileType = wrapper.application; includeInIndex = 0; path = Canciones.app; sourceTree = BUILT_PRODUCTS_DIR; };
		AB8159B628B11D7800EDA067 /* CancionesApp.swift */ = {isa = PBXFileReference; lastKnownFileType = sourcecode.swift; path = CancionesApp.swift; sourceTree = "<group>"; };
		AB8159B828B11D7800EDA067 /* ContentView.swift */ = {isa = PBXFileReference; lastKnownFileType = sourcecode.swift; path = ContentView.swift; sourceTree = "<group>"; };
		AB8159BA28B11D7A00EDA067 /* Assets.xcassets */ = {isa = PBXFileReference; lastKnownFileType = folder.assetcatalog; path = Assets.xcassets; sourceTree = "<group>"; };
		AB8159BD28B11D7A00EDA067 /* Preview Assets.xcassets */ = {isa = PBXFileReference; lastKnownFileType = folder.assetcatalog; path = "Preview Assets.xcassets"; sourceTree = "<group>"; };
		AB8159C328B11D7A00EDA067 /* CancionesTests.xctest */ = {isa = PBXFileReference; explicitFileType = wrapper.cfbundle; includeInIndex = 0; path = CancionesTests.xctest; sourceTree = BUILT_PRODUCTS_DIR; };
		AB8159C728B11D7A00EDA067 /* CancionesTests.swift */ = {isa = PBXFileReference; lastKnownFileType = sourcecode.swift; path = CancionesTests.swift; sourceTree = "<group>"; };
		AB8159CD28B11D7A00EDA067 /* CancionesUITests.xctest */ = {isa = PBXFileReference; explicitFileType = wrapper.cfbundle; includeInIndex = 0; path = CancionesUITests.xctest; sourceTree = BUILT_PRODUCTS_DIR; };
		AB8159D128B11D7A00EDA067 /* CancionesUITests.swift */ = {isa = PBXFileReference; lastKnownFileType = sourcecode.swift; path = CancionesUITests.swift; sourceTree = "<group>"; };
		AB8159D328B11D7A00EDA067 /* CancionesUITestsLaunchTests.swift */ = {isa = PBXFileReference; lastKnownFileType = sourcecode.swift; path = CancionesUITestsLaunchTests.swift; sourceTree = "<group>"; };
		AB8159E028B120A000EDA067 /* Info.plist */ = {isa = PBXFileReference; lastKnownFileType = text.plist; path = Info.plist; sourceTree = "<group>"; };
		AB8159E128B139D800EDA067 /* AuthorizationProvider.swift */ = {isa = PBXFileReference; lastKnownFileType = sourcecode.swift; path = AuthorizationProvider.swift; sourceTree = "<group>"; };
		AB8159E428B1416400EDA067 /* String+Extension.swift */ = {isa = PBXFileReference; lastKnownFileType = sourcecode.swift; path = "String+Extension.swift"; sourceTree = "<group>"; };
		AB8159E628B144BA00EDA067 /* Array+Extension.swift */ = {isa = PBXFileReference; lastKnownFileType = sourcecode.swift; path = "Array+Extension.swift"; sourceTree = "<group>"; };
		AB8159E928B1507A00EDA067 /* RandomGenerator.swift */ = {isa = PBXFileReference; lastKnownFileType = sourcecode.swift; path = RandomGenerator.swift; sourceTree = "<group>"; };
/* End PBXFileReference section */

/* Begin PBXFrameworksBuildPhase section */
		AB8159B028B11D7800EDA067 /* Frameworks */ = {
			isa = PBXFrameworksBuildPhase;
			buildActionMask = 2147483647;
			files = (
			);
			runOnlyForDeploymentPostprocessing = 0;
		};
		AB8159C028B11D7A00EDA067 /* Frameworks */ = {
			isa = PBXFrameworksBuildPhase;
			buildActionMask = 2147483647;
			files = (
			);
			runOnlyForDeploymentPostprocessing = 0;
		};
		AB8159CA28B11D7A00EDA067 /* Frameworks */ = {
			isa = PBXFrameworksBuildPhase;
			buildActionMask = 2147483647;
			files = (
			);
			runOnlyForDeploymentPostprocessing = 0;
		};
/* End PBXFrameworksBuildPhase section */

/* Begin PBXGroup section */
		AB8159AA28B11D7800EDA067 = {
			isa = PBXGroup;
			children = (
				AB8159B528B11D7800EDA067 /* Canciones */,
				AB8159C628B11D7A00EDA067 /* CancionesTests */,
				AB8159D028B11D7A00EDA067 /* CancionesUITests */,
				AB8159B428B11D7800EDA067 /* Products */,
			);
			sourceTree = "<group>";
		};
		AB8159B428B11D7800EDA067 /* Products */ = {
			isa = PBXGroup;
			children = (
				AB8159B328B11D7800EDA067 /* Canciones.app */,
				AB8159C328B11D7A00EDA067 /* CancionesTests.xctest */,
				AB8159CD28B11D7A00EDA067 /* CancionesUITests.xctest */,
			);
			name = Products;
			sourceTree = "<group>";
		};
		AB8159B528B11D7800EDA067 /* Canciones */ = {
			isa = PBXGroup;
			children = (
				AB8159E828B1507100EDA067 /* Helper */,
				AB8159E328B1413800EDA067 /* Extensions */,
				AB8159E028B120A000EDA067 /* Info.plist */,
				AB8159B628B11D7800EDA067 /* CancionesApp.swift */,
				AB8159B828B11D7800EDA067 /* ContentView.swift */,
				AB8159BA28B11D7A00EDA067 /* Assets.xcassets */,
				AB8159BC28B11D7A00EDA067 /* Preview Content */,
				AB8159E128B139D800EDA067 /* AuthorizationProvider.swift */,
			);
			path = Canciones;
			sourceTree = "<group>";
		};
		AB8159BC28B11D7A00EDA067 /* Preview Content */ = {
			isa = PBXGroup;
			children = (
				AB8159BD28B11D7A00EDA067 /* Preview Assets.xcassets */,
			);
			path = "Preview Content";
			sourceTree = "<group>";
		};
		AB8159C628B11D7A00EDA067 /* CancionesTests */ = {
			isa = PBXGroup;
			children = (
				AB8159C728B11D7A00EDA067 /* CancionesTests.swift */,
			);
			path = CancionesTests;
			sourceTree = "<group>";
		};
		AB8159D028B11D7A00EDA067 /* CancionesUITests */ = {
			isa = PBXGroup;
			children = (
				AB8159D128B11D7A00EDA067 /* CancionesUITests.swift */,
				AB8159D328B11D7A00EDA067 /* CancionesUITestsLaunchTests.swift */,
			);
			path = CancionesUITests;
			sourceTree = "<group>";
		};
		AB8159E328B1413800EDA067 /* Extensions */ = {
			isa = PBXGroup;
			children = (
				AB8159E428B1416400EDA067 /* String+Extension.swift */,
				AB8159E628B144BA00EDA067 /* Array+Extension.swift */,
			);
			path = Extensions;
			sourceTree = "<group>";
		};
		AB8159E828B1507100EDA067 /* Helper */ = {
			isa = PBXGroup;
			children = (
				AB8159E928B1507A00EDA067 /* RandomGenerator.swift */,
			);
			path = Helper;
			sourceTree = "<group>";
		};
/* End PBXGroup section */

/* Begin PBXNativeTarget section */
		AB8159B228B11D7800EDA067 /* Canciones */ = {
			isa = PBXNativeTarget;
			buildConfigurationList = AB8159D728B11D7A00EDA067 /* Build configuration list for PBXNativeTarget "Canciones" */;
			buildPhases = (
				AB8159AF28B11D7800EDA067 /* Sources */,
				AB8159B028B11D7800EDA067 /* Frameworks */,
				AB8159B128B11D7800EDA067 /* Resources */,
			);
			buildRules = (
			);
			dependencies = (
			);
			name = Canciones;
			productName = Canciones;
			productReference = AB8159B328B11D7800EDA067 /* Canciones.app */;
			productType = "com.apple.product-type.application";
		};
		AB8159C228B11D7A00EDA067 /* CancionesTests */ = {
			isa = PBXNativeTarget;
			buildConfigurationList = AB8159DA28B11D7A00EDA067 /* Build configuration list for PBXNativeTarget "CancionesTests" */;
			buildPhases = (
				AB8159BF28B11D7A00EDA067 /* Sources */,
				AB8159C028B11D7A00EDA067 /* Frameworks */,
				AB8159C128B11D7A00EDA067 /* Resources */,
			);
			buildRules = (
			);
			dependencies = (
				AB8159C528B11D7A00EDA067 /* PBXTargetDependency */,
			);
			name = CancionesTests;
			productName = CancionesTests;
			productReference = AB8159C328B11D7A00EDA067 /* CancionesTests.xctest */;
			productType = "com.apple.product-type.bundle.unit-test";
		};
		AB8159CC28B11D7A00EDA067 /* CancionesUITests */ = {
			isa = PBXNativeTarget;
			buildConfigurationList = AB8159DD28B11D7A00EDA067 /* Build configuration list for PBXNativeTarget "CancionesUITests" */;
			buildPhases = (
				AB8159C928B11D7A00EDA067 /* Sources */,
				AB8159CA28B11D7A00EDA067 /* Frameworks */,
				AB8159CB28B11D7A00EDA067 /* Resources */,
			);
			buildRules = (
			);
			dependencies = (
				AB8159CF28B11D7A00EDA067 /* PBXTargetDependency */,
			);
			name = CancionesUITests;
			productName = CancionesUITests;
			productReference = AB8159CD28B11D7A00EDA067 /* CancionesUITests.xctest */;
			productType = "com.apple.product-type.bundle.ui-testing";
		};
/* End PBXNativeTarget section */

/* Begin PBXProject section */
		AB8159AB28B11D7800EDA067 /* Project object */ = {
			isa = PBXProject;
			attributes = {
				BuildIndependentTargetsInParallel = 1;
				LastSwiftUpdateCheck = 1400;
				LastUpgradeCheck = 1400;
				TargetAttributes = {
					AB8159B228B11D7800EDA067 = {
						CreatedOnToolsVersion = 14.0;
					};
					AB8159C228B11D7A00EDA067 = {
						CreatedOnToolsVersion = 14.0;
						TestTargetID = AB8159B228B11D7800EDA067;
					};
					AB8159CC28B11D7A00EDA067 = {
						CreatedOnToolsVersion = 14.0;
						TestTargetID = AB8159B228B11D7800EDA067;
					};
				};
			};
			buildConfigurationList = AB8159AE28B11D7800EDA067 /* Build configuration list for PBXProject "Canciones" */;
			compatibilityVersion = "Xcode 14.0";
			developmentRegion = en;
			hasScannedForEncodings = 0;
			knownRegions = (
				en,
				Base,
			);
			mainGroup = AB8159AA28B11D7800EDA067;
			productRefGroup = AB8159B428B11D7800EDA067 /* Products */;
			projectDirPath = "";
			projectRoot = "";
			targets = (
				AB8159B228B11D7800EDA067 /* Canciones */,
				AB8159C228B11D7A00EDA067 /* CancionesTests */,
				AB8159CC28B11D7A00EDA067 /* CancionesUITests */,
			);
		};
/* End PBXProject section */

/* Begin PBXResourcesBuildPhase section */
		AB8159B128B11D7800EDA067 /* Resources */ = {
			isa = PBXResourcesBuildPhase;
			buildActionMask = 2147483647;
			files = (
				AB8159BE28B11D7A00EDA067 /* Preview Assets.xcassets in Resources */,
				AB8159BB28B11D7A00EDA067 /* Assets.xcassets in Resources */,
			);
			runOnlyForDeploymentPostprocessing = 0;
		};
		AB8159C128B11D7A00EDA067 /* Resources */ = {
			isa = PBXResourcesBuildPhase;
			buildActionMask = 2147483647;
			files = (
			);
			runOnlyForDeploymentPostprocessing = 0;
		};
		AB8159CB28B11D7A00EDA067 /* Resources */ = {
			isa = PBXResourcesBuildPhase;
			buildActionMask = 2147483647;
			files = (
			);
			runOnlyForDeploymentPostprocessing = 0;
		};
/* End PBXResourcesBuildPhase section */

/* Begin PBXSourcesBuildPhase section */
		AB8159AF28B11D7800EDA067 /* Sources */ = {
			isa = PBXSourcesBuildPhase;
			buildActionMask = 2147483647;
			files = (
				AB8159E528B1416400EDA067 /* String+Extension.swift in Sources */,
				AB8159E728B144BA00EDA067 /* Array+Extension.swift in Sources */,
				AB8159E228B139D800EDA067 /* AuthorizationProvider.swift in Sources */,
				AB8159B928B11D7800EDA067 /* ContentView.swift in Sources */,
				AB8159B728B11D7800EDA067 /* CancionesApp.swift in Sources */,
				AB8159EA28B1507A00EDA067 /* RandomGenerator.swift in Sources */,
			);
			runOnlyForDeploymentPostprocessing = 0;
		};
		AB8159BF28B11D7A00EDA067 /* Sources */ = {
			isa = PBXSourcesBuildPhase;
			buildActionMask = 2147483647;
			files = (
				AB8159C828B11D7A00EDA067 /* CancionesTests.swift in Sources */,
			);
			runOnlyForDeploymentPostprocessing = 0;
		};
		AB8159C928B11D7A00EDA067 /* Sources */ = {
			isa = PBXSourcesBuildPhase;
			buildActionMask = 2147483647;
			files = (
				AB8159D428B11D7A00EDA067 /* CancionesUITestsLaunchTests.swift in Sources */,
				AB8159D228B11D7A00EDA067 /* CancionesUITests.swift in Sources */,
			);
			runOnlyForDeploymentPostprocessing = 0;
		};
/* End PBXSourcesBuildPhase section */

/* Begin PBXTargetDependency section */
		AB8159C528B11D7A00EDA067 /* PBXTargetDependency */ = {
			isa = PBXTargetDependency;
			target = AB8159B228B11D7800EDA067 /* Canciones */;
			targetProxy = AB8159C428B11D7A00EDA067 /* PBXContainerItemProxy */;
		};
		AB8159CF28B11D7A00EDA067 /* PBXTargetDependency */ = {
			isa = PBXTargetDependency;
			target = AB8159B228B11D7800EDA067 /* Canciones */;
			targetProxy = AB8159CE28B11D7A00EDA067 /* PBXContainerItemProxy */;
		};
/* End PBXTargetDependency section */

/* Begin XCBuildConfiguration section */
		AB8159D528B11D7A00EDA067 /* Debug */ = {
			isa = XCBuildConfiguration;
			buildSettings = {
				ALWAYS_SEARCH_USER_PATHS = NO;
				CLANG_ANALYZER_NONNULL = YES;
				CLANG_ANALYZER_NUMBER_OBJECT_CONVERSION = YES_AGGRESSIVE;
				CLANG_CXX_LANGUAGE_STANDARD = "gnu++20";
				CLANG_ENABLE_MODULES = YES;
				CLANG_ENABLE_OBJC_ARC = YES;
				CLANG_ENABLE_OBJC_WEAK = YES;
				CLANG_WARN_BLOCK_CAPTURE_AUTORELEASING = YES;
				CLANG_WARN_BOOL_CONVERSION = YES;
				CLANG_WARN_COMMA = YES;
				CLANG_WARN_CONSTANT_CONVERSION = YES;
				CLANG_WARN_DEPRECATED_OBJC_IMPLEMENTATIONS = YES;
				CLANG_WARN_DIRECT_OBJC_ISA_USAGE = YES_ERROR;
				CLANG_WARN_DOCUMENTATION_COMMENTS = YES;
				CLANG_WARN_EMPTY_BODY = YES;
				CLANG_WARN_ENUM_CONVERSION = YES;
				CLANG_WARN_INFINITE_RECURSION = YES;
				CLANG_WARN_INT_CONVERSION = YES;
				CLANG_WARN_NON_LITERAL_NULL_CONVERSION = YES;
				CLANG_WARN_OBJC_IMPLICIT_RETAIN_SELF = YES;
				CLANG_WARN_OBJC_LITERAL_CONVERSION = YES;
				CLANG_WARN_OBJC_ROOT_CLASS = YES_ERROR;
				CLANG_WARN_QUOTED_INCLUDE_IN_FRAMEWORK_HEADER = YES;
				CLANG_WARN_RANGE_LOOP_ANALYSIS = YES;
				CLANG_WARN_STRICT_PROTOTYPES = YES;
				CLANG_WARN_SUSPICIOUS_MOVE = YES;
				CLANG_WARN_UNGUARDED_AVAILABILITY = YES_AGGRESSIVE;
				CLANG_WARN_UNREACHABLE_CODE = YES;
				CLANG_WARN__DUPLICATE_METHOD_MATCH = YES;
				COPY_PHASE_STRIP = NO;
				DEBUG_INFORMATION_FORMAT = dwarf;
				ENABLE_STRICT_OBJC_MSGSEND = YES;
				ENABLE_TESTABILITY = YES;
				GCC_C_LANGUAGE_STANDARD = gnu11;
				GCC_DYNAMIC_NO_PIC = NO;
				GCC_NO_COMMON_BLOCKS = YES;
				GCC_OPTIMIZATION_LEVEL = 0;
				GCC_PREPROCESSOR_DEFINITIONS = (
					"DEBUG=1",
					"$(inherited)",
				);
				GCC_WARN_64_TO_32_BIT_CONVERSION = YES;
				GCC_WARN_ABOUT_RETURN_TYPE = YES_ERROR;
				GCC_WARN_UNDECLARED_SELECTOR = YES;
				GCC_WARN_UNINITIALIZED_AUTOS = YES_AGGRESSIVE;
				GCC_WARN_UNUSED_FUNCTION = YES;
				GCC_WARN_UNUSED_VARIABLE = YES;
				IPHONEOS_DEPLOYMENT_TARGET = 16.0;
				MTL_ENABLE_DEBUG_INFO = INCLUDE_SOURCE;
				MTL_FAST_MATH = YES;
				ONLY_ACTIVE_ARCH = YES;
				SDKROOT = iphoneos;
				SWIFT_ACTIVE_COMPILATION_CONDITIONS = DEBUG;
				SWIFT_OPTIMIZATION_LEVEL = "-Onone";
			};
			name = Debug;
		};
		AB8159D628B11D7A00EDA067 /* Release */ = {
			isa = XCBuildConfiguration;
			buildSettings = {
				ALWAYS_SEARCH_USER_PATHS = NO;
				CLANG_ANALYZER_NONNULL = YES;
				CLANG_ANALYZER_NUMBER_OBJECT_CONVERSION = YES_AGGRESSIVE;
				CLANG_CXX_LANGUAGE_STANDARD = "gnu++20";
				CLANG_ENABLE_MODULES = YES;
				CLANG_ENABLE_OBJC_ARC = YES;
				CLANG_ENABLE_OBJC_WEAK = YES;
				CLANG_WARN_BLOCK_CAPTURE_AUTORELEASING = YES;
				CLANG_WARN_BOOL_CONVERSION = YES;
				CLANG_WARN_COMMA = YES;
				CLANG_WARN_CONSTANT_CONVERSION = YES;
				CLANG_WARN_DEPRECATED_OBJC_IMPLEMENTATIONS = YES;
				CLANG_WARN_DIRECT_OBJC_ISA_USAGE = YES_ERROR;
				CLANG_WARN_DOCUMENTATION_COMMENTS = YES;
				CLANG_WARN_EMPTY_BODY = YES;
				CLANG_WARN_ENUM_CONVERSION = YES;
				CLANG_WARN_INFINITE_RECURSION = YES;
				CLANG_WARN_INT_CONVERSION = YES;
				CLANG_WARN_NON_LITERAL_NULL_CONVERSION = YES;
				CLANG_WARN_OBJC_IMPLICIT_RETAIN_SELF = YES;
				CLANG_WARN_OBJC_LITERAL_CONVERSION = YES;
				CLANG_WARN_OBJC_ROOT_CLASS = YES_ERROR;
				CLANG_WARN_QUOTED_INCLUDE_IN_FRAMEWORK_HEADER = YES;
				CLANG_WARN_RANGE_LOOP_ANALYSIS = YES;
				CLANG_WARN_STRICT_PROTOTYPES = YES;
				CLANG_WARN_SUSPICIOUS_MOVE = YES;
				CLANG_WARN_UNGUARDED_AVAILABILITY = YES_AGGRESSIVE;
				CLANG_WARN_UNREACHABLE_CODE = YES;
				CLANG_WARN__DUPLICATE_METHOD_MATCH = YES;
				COPY_PHASE_STRIP = NO;
				DEBUG_INFORMATION_FORMAT = "dwarf-with-dsym";
				ENABLE_NS_ASSERTIONS = NO;
				ENABLE_STRICT_OBJC_MSGSEND = YES;
				GCC_C_LANGUAGE_STANDARD = gnu11;
				GCC_NO_COMMON_BLOCKS = YES;
				GCC_WARN_64_TO_32_BIT_CONVERSION = YES;
				GCC_WARN_ABOUT_RETURN_TYPE = YES_ERROR;
				GCC_WARN_UNDECLARED_SELECTOR = YES;
				GCC_WARN_UNINITIALIZED_AUTOS = YES_AGGRESSIVE;
				GCC_WARN_UNUSED_FUNCTION = YES;
				GCC_WARN_UNUSED_VARIABLE = YES;
				IPHONEOS_DEPLOYMENT_TARGET = 16.0;
				MTL_ENABLE_DEBUG_INFO = NO;
				MTL_FAST_MATH = YES;
				SDKROOT = iphoneos;
				SWIFT_COMPILATION_MODE = wholemodule;
				SWIFT_OPTIMIZATION_LEVEL = "-O";
				VALIDATE_PRODUCT = YES;
			};
			name = Release;
		};
		AB8159D828B11D7A00EDA067 /* Debug */ = {
			isa = XCBuildConfiguration;
			buildSettings = {
				ASSETCATALOG_COMPILER_APPICON_NAME = AppIcon;
				ASSETCATALOG_COMPILER_GLOBAL_ACCENT_COLOR_NAME = AccentColor;
				CODE_SIGN_STYLE = Automatic;
				CURRENT_PROJECT_VERSION = 1;
				DEVELOPMENT_ASSET_PATHS = "\"Canciones/Preview Content\"";
				DEVELOPMENT_TEAM = M9S9DP25NB;
				ENABLE_PREVIEWS = YES;
				GENERATE_INFOPLIST_FILE = YES;
				INFOPLIST_FILE = Canciones/Info.plist;
				INFOPLIST_KEY_UIApplicationSceneManifest_Generation = YES;
				INFOPLIST_KEY_UIApplicationSupportsIndirectInputEvents = YES;
				INFOPLIST_KEY_UILaunchScreen_Generation = YES;
				INFOPLIST_KEY_UISupportedInterfaceOrientations_iPad = "UIInterfaceOrientationPortrait UIInterfaceOrientationPortraitUpsideDown UIInterfaceOrientationLandscapeLeft UIInterfaceOrientationLandscapeRight";
				INFOPLIST_KEY_UISupportedInterfaceOrientations_iPhone = "UIInterfaceOrientationPortrait UIInterfaceOrientationLandscapeLeft UIInterfaceOrientationLandscapeRight";
				LD_RUNPATH_SEARCH_PATHS = (
					"$(inherited)",
					"@executable_path/Frameworks",
				);
				MARKETING_VERSION = 1.0;
				PRODUCT_BUNDLE_IDENTIFIER = com.artur.sakhno.Canciones;
				PRODUCT_NAME = "$(TARGET_NAME)";
				SWIFT_EMIT_LOC_STRINGS = YES;
				SWIFT_VERSION = 5.0;
				TARGETED_DEVICE_FAMILY = "1,2";
			};
			name = Debug;
		};
		AB8159D928B11D7A00EDA067 /* Release */ = {
			isa = XCBuildConfiguration;
			buildSettings = {
				ASSETCATALOG_COMPILER_APPICON_NAME = AppIcon;
				ASSETCATALOG_COMPILER_GLOBAL_ACCENT_COLOR_NAME = AccentColor;
				CODE_SIGN_STYLE = Automatic;
				CURRENT_PROJECT_VERSION = 1;
				DEVELOPMENT_ASSET_PATHS = "\"Canciones/Preview Content\"";
				DEVELOPMENT_TEAM = M9S9DP25NB;
				ENABLE_PREVIEWS = YES;
				GENERATE_INFOPLIST_FILE = YES;
				INFOPLIST_FILE = Canciones/Info.plist;
				INFOPLIST_KEY_UIApplicationSceneManifest_Generation = YES;
				INFOPLIST_KEY_UIApplicationSupportsIndirectInputEvents = YES;
				INFOPLIST_KEY_UILaunchScreen_Generation = YES;
				INFOPLIST_KEY_UISupportedInterfaceOrientations_iPad = "UIInterfaceOrientationPortrait UIInterfaceOrientationPortraitUpsideDown UIInterfaceOrientationLandscapeLeft UIInterfaceOrientationLandscapeRight";
				INFOPLIST_KEY_UISupportedInterfaceOrientations_iPhone = "UIInterfaceOrientationPortrait UIInterfaceOrientationLandscapeLeft UIInterfaceOrientationLandscapeRight";
				LD_RUNPATH_SEARCH_PATHS = (
					"$(inherited)",
					"@executable_path/Frameworks",
				);
				MARKETING_VERSION = 1.0;
				PRODUCT_BUNDLE_IDENTIFIER = com.artur.sakhno.Canciones;
				PRODUCT_NAME = "$(TARGET_NAME)";
				SWIFT_EMIT_LOC_STRINGS = YES;
				SWIFT_VERSION = 5.0;
				TARGETED_DEVICE_FAMILY = "1,2";
			};
			name = Release;
		};
		AB8159DB28B11D7A00EDA067 /* Debug */ = {
			isa = XCBuildConfiguration;
			buildSettings = {
				ALWAYS_EMBED_SWIFT_STANDARD_LIBRARIES = YES;
				BUNDLE_LOADER = "$(TEST_HOST)";
				CODE_SIGN_STYLE = Automatic;
				CURRENT_PROJECT_VERSION = 1;
				DEVELOPMENT_TEAM = M9S9DP25NB;
				GENERATE_INFOPLIST_FILE = YES;
				IPHONEOS_DEPLOYMENT_TARGET = 16.0;
				MARKETING_VERSION = 1.0;
				PRODUCT_BUNDLE_IDENTIFIER = com.artur.sakhno.CancionesTests;
				PRODUCT_NAME = "$(TARGET_NAME)";
				SWIFT_EMIT_LOC_STRINGS = NO;
				SWIFT_VERSION = 5.0;
				TARGETED_DEVICE_FAMILY = "1,2";
				TEST_HOST = "$(BUILT_PRODUCTS_DIR)/Canciones.app/$(BUNDLE_EXECUTABLE_FOLDER_PATH)/Canciones";
			};
			name = Debug;
		};
		AB8159DC28B11D7A00EDA067 /* Release */ = {
			isa = XCBuildConfiguration;
			buildSettings = {
				ALWAYS_EMBED_SWIFT_STANDARD_LIBRARIES = YES;
				BUNDLE_LOADER = "$(TEST_HOST)";
				CODE_SIGN_STYLE = Automatic;
				CURRENT_PROJECT_VERSION = 1;
				DEVELOPMENT_TEAM = M9S9DP25NB;
				GENERATE_INFOPLIST_FILE = YES;
				IPHONEOS_DEPLOYMENT_TARGET = 16.0;
				MARKETING_VERSION = 1.0;
				PRODUCT_BUNDLE_IDENTIFIER = com.artur.sakhno.CancionesTests;
				PRODUCT_NAME = "$(TARGET_NAME)";
				SWIFT_EMIT_LOC_STRINGS = NO;
				SWIFT_VERSION = 5.0;
				TARGETED_DEVICE_FAMILY = "1,2";
				TEST_HOST = "$(BUILT_PRODUCTS_DIR)/Canciones.app/$(BUNDLE_EXECUTABLE_FOLDER_PATH)/Canciones";
			};
			name = Release;
		};
		AB8159DE28B11D7A00EDA067 /* Debug */ = {
			isa = XCBuildConfiguration;
			buildSettings = {
				ALWAYS_EMBED_SWIFT_STANDARD_LIBRARIES = YES;
				CODE_SIGN_STYLE = Automatic;
				CURRENT_PROJECT_VERSION = 1;
				DEVELOPMENT_TEAM = M9S9DP25NB;
				GENERATE_INFOPLIST_FILE = YES;
				MARKETING_VERSION = 1.0;
				PRODUCT_BUNDLE_IDENTIFIER = com.artur.sakhno.CancionesUITests;
				PRODUCT_NAME = "$(TARGET_NAME)";
				SWIFT_EMIT_LOC_STRINGS = NO;
				SWIFT_VERSION = 5.0;
				TARGETED_DEVICE_FAMILY = "1,2";
				TEST_TARGET_NAME = Canciones;
			};
			name = Debug;
		};
		AB8159DF28B11D7A00EDA067 /* Release */ = {
			isa = XCBuildConfiguration;
			buildSettings = {
				ALWAYS_EMBED_SWIFT_STANDARD_LIBRARIES = YES;
				CODE_SIGN_STYLE = Automatic;
				CURRENT_PROJECT_VERSION = 1;
				DEVELOPMENT_TEAM = M9S9DP25NB;
				GENERATE_INFOPLIST_FILE = YES;
				MARKETING_VERSION = 1.0;
				PRODUCT_BUNDLE_IDENTIFIER = com.artur.sakhno.CancionesUITests;
				PRODUCT_NAME = "$(TARGET_NAME)";
				SWIFT_EMIT_LOC_STRINGS = NO;
				SWIFT_VERSION = 5.0;
				TARGETED_DEVICE_FAMILY = "1,2";
				TEST_TARGET_NAME = Canciones;
			};
			name = Release;
		};
/* End XCBuildConfiguration section */

/* Begin XCConfigurationList section */
		AB8159AE28B11D7800EDA067 /* Build configuration list for PBXProject "Canciones" */ = {
			isa = XCConfigurationList;
			buildConfigurations = (
				AB8159D528B11D7A00EDA067 /* Debug */,
				AB8159D628B11D7A00EDA067 /* Release */,
			);
			defaultConfigurationIsVisible = 0;
			defaultConfigurationName = Release;
		};
		AB8159D728B11D7A00EDA067 /* Build configuration list for PBXNativeTarget "Canciones" */ = {
			isa = XCConfigurationList;
			buildConfigurations = (
				AB8159D828B11D7A00EDA067 /* Debug */,
				AB8159D928B11D7A00EDA067 /* Release */,
			);
			defaultConfigurationIsVisible = 0;
			defaultConfigurationName = Release;
		};
		AB8159DA28B11D7A00EDA067 /* Build configuration list for PBXNativeTarget "CancionesTests" */ = {
			isa = XCConfigurationList;
			buildConfigurations = (
				AB8159DB28B11D7A00EDA067 /* Debug */,
				AB8159DC28B11D7A00EDA067 /* Release */,
			);
			defaultConfigurationIsVisible = 0;
			defaultConfigurationName = Release;
		};
		AB8159DD28B11D7A00EDA067 /* Build configuration list for PBXNativeTarget "CancionesUITests" */ = {
			isa = XCConfigurationList;
			buildConfigurations = (
				AB8159DE28B11D7A00EDA067 /* Debug */,
				AB8159DF28B11D7A00EDA067 /* Release */,
			);
			defaultConfigurationIsVisible = 0;
			defaultConfigurationName = Release;
		};
/* End XCConfigurationList section */
	};
	rootObject = AB8159AB28B11D7800EDA067 /* Project object */;
}
